
Microsoft Visual Studio Solution File, Format Version 12.00
# Visual Studio Version 17
VisualStudioVersion = 17.0.31903.59
MinimumVisualStudioVersion = 10.0.40219.1
Project("{FAE04EC0-301F-11D3-BF4B-00C04F79EFBC}") = "Bank.Domain", "Bank.Domain\Bank.Domain.csproj", "{F4D7867A-FE6E-47D3-AB91-09F1B2E35A40}"
EndProject
Project("{FAE04EC0-301F-11D3-BF4B-00C04F79EFBC}") = "Bank.Domain.Tests", "Bank.Domain.Tests\Bank.Domain.Tests.csproj", "{EA18F6F5-FDB1-4383-95F8-F312DFD5B94F}"
EndProject
Global
	GlobalSection(SolutionConfigurationPlatforms) = preSolution
		Debug|Any CPU = Debug|Any CPU
		Release|Any CPU = Release|Any CPU
	EndGlobalSection
	GlobalSection(SolutionProperties) = preSolution
		HideSolutionNode = FALSE
	EndGlobalSection
	GlobalSection(ProjectConfigurationPlatforms) = postSolution
		{F4D7867A-FE6E-47D3-AB91-09F1B2E35A40}.Debug|Any CPU.ActiveCfg = Debug|Any CPU
		{F4D7867A-FE6E-47D3-AB91-09F1B2E35A40}.Debug|Any CPU.Build.0 = Debug|Any CPU
		{F4D7867A-FE6E-47D3-AB91-09F1B2E35A40}.Release|Any CPU.ActiveCfg = Release|Any CPU
		{F4D7867A-FE6E-47D3-AB91-09F1B2E35A40}.Release|Any CPU.Build.0 = Release|Any CPU
		{EA18F6F5-FDB1-4383-95F8-F312DFD5B94F}.Debug|Any CPU.ActiveCfg = Debug|Any CPU
		{EA18F6F5-FDB1-4383-95F8-F312DFD5B94F}.Debug|Any CPU.Build.0 = Debug|Any CPU
		{EA18F6F5-FDB1-4383-95F8-F312DFD5B94F}.Release|Any CPU.ActiveCfg = Release|Any CPU
		{EA18F6F5-FDB1-4383-95F8-F312DFD5B94F}.Release|Any CPU.Build.0 = Release|Any CPU
	EndGlobalSection
EndGlobal
